
Microsoft Visual Studio Solution File, Format Version 12.00
# Visual Studio Version 16
VisualStudioVersion = 16.0.28714.193
MinimumVisualStudioVersion = 10.0.40219.1
Project("{9A19103F-16F7-4668-BE54-9A1E7A4F7556}") = "AnyPairSum", "AnyPairSum\AnyPairSum.csproj", "{AB58E2C9-B51A-4A5C-96C0-8F4502372742}"
EndProject
Project("{9A19103F-16F7-4668-BE54-9A1E7A4F7556}") = "NStepLadder", "NStepLadder\NStepLadder.csproj", "{A3717F38-4DE1-4A58-9D70-93AA767525C9}"
EndProject
Project("{9A19103F-16F7-4668-BE54-9A1E7A4F7556}") = "MessageDecoding", "MessageDecoding\MessageDecoding.csproj", "{8CC73F1B-878A-451E-91FB-879D610D2303}"
EndProject
Project("{9A19103F-16F7-4668-BE54-9A1E7A4F7556}") = "SavingTheUniverse", "SavingTheUniverse\SavingTheUniverse.csproj", "{C3D956F9-310D-402E-B937-7A9FF1A7A816}"
EndProject
Project("{9A19103F-16F7-4668-BE54-9A1E7A4F7556}") = "Spiral", "Spiral\Spiral.csproj", "{935EB32B-718D-420E-8D6B-938FF79183A8}"
EndProject
Global
	GlobalSection(SolutionConfigurationPlatforms) = preSolution
		Debug|Any CPU = Debug|Any CPU
		Release|Any CPU = Release|Any CPU
	EndGlobalSection
	GlobalSection(ProjectConfigurationPlatforms) = postSolution
		{AB58E2C9-B51A-4A5C-96C0-8F4502372742}.Debug|Any CPU.ActiveCfg = Debug|Any CPU
		{AB58E2C9-B51A-4A5C-96C0-8F4502372742}.Debug|Any CPU.Build.0 = Debug|Any CPU
		{AB58E2C9-B51A-4A5C-96C0-8F4502372742}.Release|Any CPU.ActiveCfg = Release|Any CPU
		{AB58E2C9-B51A-4A5C-96C0-8F4502372742}.Release|Any CPU.Build.0 = Release|Any CPU
		{A3717F38-4DE1-4A58-9D70-93AA767525C9}.Debug|Any CPU.ActiveCfg = Debug|Any CPU
		{A3717F38-4DE1-4A58-9D70-93AA767525C9}.Debug|Any CPU.Build.0 = Debug|Any CPU
		{A3717F38-4DE1-4A58-9D70-93AA767525C9}.Release|Any CPU.ActiveCfg = Release|Any CPU
		{A3717F38-4DE1-4A58-9D70-93AA767525C9}.Release|Any CPU.Build.0 = Release|Any CPU
		{8CC73F1B-878A-451E-91FB-879D610D2303}.Debug|Any CPU.ActiveCfg = Debug|Any CPU
		{8CC73F1B-878A-451E-91FB-879D610D2303}.Debug|Any CPU.Build.0 = Debug|Any CPU
		{8CC73F1B-878A-451E-91FB-879D610D2303}.Release|Any CPU.ActiveCfg = Release|Any CPU
		{8CC73F1B-878A-451E-91FB-879D610D2303}.Release|Any CPU.Build.0 = Release|Any CPU
		{C3D956F9-310D-402E-B937-7A9FF1A7A816}.Debug|Any CPU.ActiveCfg = Debug|Any CPU
		{C3D956F9-310D-402E-B937-7A9FF1A7A816}.Debug|Any CPU.Build.0 = Debug|Any CPU
		{C3D956F9-310D-402E-B937-7A9FF1A7A816}.Release|Any CPU.ActiveCfg = Release|Any CPU
		{C3D956F9-310D-402E-B937-7A9FF1A7A816}.Release|Any CPU.Build.0 = Release|Any CPU
		{935EB32B-718D-420E-8D6B-938FF79183A8}.Debug|Any CPU.ActiveCfg = Debug|Any CPU
		{935EB32B-718D-420E-8D6B-938FF79183A8}.Debug|Any CPU.Build.0 = Debug|Any CPU
		{935EB32B-718D-420E-8D6B-938FF79183A8}.Release|Any CPU.ActiveCfg = Release|Any CPU
		{935EB32B-718D-420E-8D6B-938FF79183A8}.Release|Any CPU.Build.0 = Release|Any CPU
	EndGlobalSection
	GlobalSection(SolutionProperties) = preSolution
		HideSolutionNode = FALSE
	EndGlobalSection
	GlobalSection(ExtensibilityGlobals) = postSolution
		SolutionGuid = {A8D04607-DE29-453E-A5D9-CEECD1446418}
	EndGlobalSection
EndGlobal
